PODS:
  - Real_FMBase/Category (0.5.1)
  - Real_FMMain (0.1.0):
    - Real_FMBase/Category

DEPENDENCIES:
  - Real_FMMain

SPEC CHECKSUMS:
  Real_FMBase: 70928906d85feb1272bdb8c57ad98543f385a469
  Real_FMMain: 00e32b9aa7c509108b847f65a11ca92f0c1adef9

PODFILE CHECKSUM: 9651975bc89c29b692111f5944eb3d15409b6264

COCOAPODS: 1.2.1
