// !$*UTF8*$!
{
	archiveVersion = 1;
	classes = {
	};
	objectVersion = 46;
	objects = {

/* Begin PBXBuildFile section */
		08B4F1F41F07469B00C03059 /* main.m in Sources */ = {isa = PBXBuildFile; fileRef = 08B4F1F31F07469B00C03059 /* main.m */; };
		08B4F1F71F07469B00C03059 /* AppDelegate.m in Sources */ = {isa = PBXBuildFile; fileRef = 08B4F1F61F07469B00C03059 /* AppDelegate.m */; };
		08B4F1FA1F07469B00C03059 /* ViewController.m in Sources */ = {isa = PBXBuildFile; fileRef = 08B4F1F91F07469B00C03059 /* ViewController.m */; };
		08B4F1FD1F07469B00C03059 /* Main.storyboard in Resources */ = {isa = PBXBuildFile; fileRef = 08B4F1FB1F07469B00C03059 /* Main.storyboard */; };
		08B4F1FF1F07469B00C03059 /* Assets.xcassets in Resources */ = {isa = PBXBuildFile; fileRef = 08B4F1FE1F07469B00C03059 /* Assets.xcassets */; };
		08B4F2021F07469B00C03059 /* LaunchScreen.storyboard in Resources */ = {isa = PBXBuildFile; fileRef = 08B4F2001F07469B00C03059 /* LaunchScreen.storyboard */; };
		D354E0D5F43C6B2AE01AB10A /* libPods-Real_FM.a in Frameworks */ = {isa = PBXBuildFile; fileRef = 0EDBE8927A4890562FFCA509 /* libPods-Real_FM.a */; };
/* End PBXBuildFile section */

/* Begin PBXFileReference section */
		08B4F1EF1F07469B00C03059 /* Real_FM.app */ = {isa = PBXFileReference; explicitFileType = wrapper.application; includeInIndex = 0; path = Real_FM.app; sourceTree = BUILT_PRODUCTS_DIR; };
		08B4F1F31F07469B00C03059 /* main.m */ = {isa = PBXFileReference; lastKnownFileType = sourcecode.c.objc; path = main.m; sourceTree = "<group>"; };
		08B4F1F51F07469B00C03059 /* AppDelegate.h */ = {isa = PBXFileReference; lastKnownFileType = sourcecode.c.h; path = AppDelegate.h; sourceTree = "<group>"; };
		08B4F1F61F07469B00C03059 /* AppDelegate.m */ = {isa = PBXFileReference; lastKnownFileType = sourcecode.c.objc; path = AppDelegate.m; sourceTree = "<group>"; };
		08B4F1F81F07469B00C03059 /* ViewController.h */ = {isa = PBXFileReference; lastKnownFileType = sourcecode.c.h; path = ViewController.h; sourceTree = "<group>"; };
		08B4F1F91F07469B00C03059 /* ViewController.m */ = {isa = PBXFileReference; lastKnownFileType = sourcecode.c.objc; path = ViewController.m; sourceTree = "<group>"; };
		08B4F1FC1F07469B00C03059 /* Base */ = {isa = PBXFileReference; lastKnownFileType = file.storyboard; name = Base; path = Base.lproj/Main.storyboard; sourceTree = "<group>"; };
		08B4F1FE1F07469B00C03059 /* Assets.xcassets */ = {isa = PBXFileReference; lastKnownFileType = folder.assetcatalog; path = Assets.xcassets; sourceTree = "<group>"; };
		08B4F2011F07469B00C03059 /* Base */ = {isa = PBXFileReference; lastKnownFileType = file.storyboard; name = Base; path = Base.lproj/LaunchScreen.storyboard; sourceTree = "<group>"; };
		08B4F2031F07469B00C03059 /* Info.plist */ = {isa = PBXFileReference; lastKnownFileType = text.plist.xml; path = Info.plist; sourceTree = "<group>"; };
		0EDBE8927A4890562FFCA509 /* libPods-Real_FM.a */ = {isa = PBXFileReference; explicitFileType = archive.ar; includeInIndex = 0; path = "libPods-Real_FM.a"; sourceTree = BUILT_PRODUCTS_DIR; };
		4C7548B21972B83B6AF8BA99 /* Pods-Real_FM.release.xcconfig */ = {isa = PBXFileReference; includeInIndex = 1; lastKnownFileType = text.xcconfig; name = "Pods-Real_FM.release.xcconfig"; path = "Pods/Target Support Files/Pods-Real_FM/Pods-Real_FM.release.xcconfig"; sourceTree = "<group>"; };
		F943E01C6A04C5464A9E579C /* Pods-Real_FM.debug.xcconfig */ = {isa = PBXFileReference; includeInIndex = 1; lastKnownFileType = text.xcconfig; name = "Pods-Real_FM.debug.xcconfig"; path = "Pods/Target Support Files/Pods-Real_FM/Pods-Real_FM.debug.xcconfig"; sourceTree = "<group>"; };
/* End PBXFileReference section */

/* Begin PBXFrameworksBuildPhase section */
		08B4F1EC1F07469B00C03059 /* Frameworks */ = {
			isa = PBXFrameworksBuildPhase;
			buildActionMask = 2147483647;
			files = (
				D354E0D5F43C6B2AE01AB10A /* libPods-Real_FM.a in Frameworks */,
			);
			runOnlyForDeploymentPostprocessing = 0;
		};
/* End PBXFrameworksBuildPhase section */

/* Begin PBXGroup section */
		08B4F1E61F07469B00C03059 = {
			isa = PBXGroup;
			children = (
				08B4F1F11F07469B00C03059 /* Real_FM */,
				08B4F1F01F07469B00C03059 /* Products */,
				FD38F7341A5B50379D82714B /* Pods */,
				29AC2E4657107FD1FD755F8B /* Frameworks */,
			);
			sourceTree = "<group>";
		};
		08B4F1F01F07469B00C03059 /* Products */ = {
			isa = PBXGroup;
			children = (
				08B4F1EF1F07469B00C03059 /* Real_FM.app */,
			);
			name = Products;
			sourceTree = "<group>";
		};
		08B4F1F11F07469B00C03059 /* Real_FM */ = {
			isa = PBXGroup;
			children = (
				08B4F1F51F07469B00C03059 /* AppDelegate.h */,
				08B4F1F61F07469B00C03059 /* AppDelegate.m */,
				08B4F1F81F07469B00C03059 /* ViewController.h */,
				08B4F1F91F07469B00C03059 /* ViewController.m */,
				08B4F1FB1F07469B00C03059 /* Main.storyboard */,
				08B4F1FE1F07469B00C03059 /* Assets.xcassets */,
				08B4F2001F07469B00C03059 /* LaunchScreen.storyboard */,
				08B4F2031F07469B00C03059 /* Info.plist */,
				08B4F1F21F07469B00C03059 /* Supporting Files */,
			);
			path = Real_FM;
			sourceTree = "<group>";
		};
		08B4F1F21F07469B00C03059 /* Supporting Files */ = {
			isa = PBXGroup;
			children = (
				08B4F1F31F07469B00C03059 /* main.m */,
			);
			name = "Supporting Files";
			sourceTree = "<group>";
		};
		29AC2E4657107FD1FD755F8B /* Frameworks */ = {
			isa = PBXGroup;
			children = (
				0EDBE8927A4890562FFCA509 /* libPods-Real_FM.a */,
			);
			name = Frameworks;
			sourceTree = "<group>";
		};
		FD38F7341A5B50379D82714B /* Pods */ = {
			isa = PBXGroup;
			children = (
				F943E01C6A04C5464A9E579C /* Pods-Real_FM.debug.xcconfig */,
				4C7548B21972B83B6AF8BA99 /* Pods-Real_FM.release.xcconfig */,
			);
			name = Pods;
			sourceTree = "<group>";
		};
/* End PBXGroup section */

/* Begin PBXNativeTarget section */
		08B4F1EE1F07469B00C03059 /* Real_FM */ = {
			isa = PBXNativeTarget;
			buildConfigurationList = 08B4F2061F07469B00C03059 /* Build configuration list for PBXNativeTarget "Real_FM" */;
			buildPhases = (
				DCF9B9F35486E0DBF3FECF86 /* [CP] Check Pods Manifest.lock */,
				08B4F1EB1F07469B00C03059 /* Sources */,
				08B4F1EC1F07469B00C03059 /* Frameworks */,
				08B4F1ED1F07469B00C03059 /* Resources */,
				7001361021D9BA2544E4F0A6 /* [CP] Embed Pods Frameworks */,
				235FB17C6C6B00241873A192 /* [CP] Copy Pods Resources */,
			);
			buildRules = (
			);
			dependencies = (
			);
			name = Real_FM;
			productName = Real_FM;
			productReference = 08B4F1EF1F07469B00C03059 /* Real_FM.app */;
			productType = "com.apple.product-type.application";
		};
/* End PBXNativeTarget section */

/* Begin PBXProject section */
		08B4F1E71F07469B00C03059 /* Project object */ = {
			isa = PBXProject;
			attributes = {
				LastUpgradeCheck = 0830;
				ORGANIZATIONNAME = ybm;
				TargetAttributes = {
					08B4F1EE1F07469B00C03059 = {
						CreatedOnToolsVersion = 8.3.3;
						DevelopmentTeam = YMD52F2R48;
						ProvisioningStyle = Automatic;
					};
				};
			};
			buildConfigurationList = 08B4F1EA1F07469B00C03059 /* Build configuration list for PBXProject "Real_FM" */;
			compatibilityVersion = "Xcode 3.2";
			developmentRegion = English;
			hasScannedForEncodings = 0;
			knownRegions = (
				en,
				Base,
			);
			mainGroup = 08B4F1E61F07469B00C03059;
			productRefGroup = 08B4F1F01F07469B00C03059 /* Products */;
			projectDirPath = "";
			projectRoot = "";
			targets = (
				08B4F1EE1F07469B00C03059 /* Real_FM */,
			);
		};
/* End PBXProject section */

/* Begin PBXResourcesBuildPhase section */
		08B4F1ED1F07469B00C03059 /* Resources */ = {
			isa = PBXResourcesBuildPhase;
			buildActionMask = 2147483647;
			files = (
				08B4F2021F07469B00C03059 /* LaunchScreen.storyboard in Resources */,
				08B4F1FF1F07469B00C03059 /* Assets.xcassets in Resources */,
				08B4F1FD1F07469B00C03059 /* Main.storyboard in Resources */,
			);
			runOnlyForDeploymentPostprocessing = 0;
		};
/* End PBXResourcesBuildPhase section */

/* Begin PBXShellScriptBuildPhase section */
		235FB17C6C6B00241873A192 /* [CP] Copy Pods Resources */ = {
			isa = PBXShellScriptBuildPhase;
			buildActionMask = 2147483647;
			files = (
			);
			inputPaths = (
			);
			name = "[CP] Copy Pods Resources";
			outputPaths = (
			);
			runOnlyForDeploymentPostprocessing = 0;
			shellPath = /bin/sh;
			shellScript = "\"${SRCROOT}/Pods/Target Support Files/Pods-Real_FM/Pods-Real_FM-resources.sh\"\n";
			showEnvVarsInLog = 0;
		};
		7001361021D9BA2544E4F0A6 /* [CP] Embed Pods Frameworks */ = {
			isa = PBXShellScriptBuildPhase;
			buildActionMask = 2147483647;
			files = (
			);
			inputPaths = (
			);
			name = "[CP] Embed Pods Frameworks";
			outputPaths = (
			);
			runOnlyForDeploymentPostprocessing = 0;
			shellPath = /bin/sh;
			shellScript = "\"${SRCROOT}/Pods/Target Support Files/Pods-Real_FM/Pods-Real_FM-frameworks.sh\"\n";
			showEnvVarsInLog = 0;
		};
		DCF9B9F35486E0DBF3FECF86 /* [CP] Check Pods Manifest.lock */ = {
			isa = PBXShellScriptBuildPhase;
			buildActionMask = 2147483647;
			files = (
			);
			inputPaths = (
			);
			name = "[CP] Check Pods Manifest.lock";
			outputPaths = (
			);
			runOnlyForDeploymentPostprocessing = 0;
			shellPath = /bin/sh;
			shellScript = "diff \"${PODS_PODFILE_DIR_PATH}/Podfile.lock\" \"${PODS_ROOT}/Manifest.lock\" > /dev/null\nif [ $? != 0 ] ; then\n    # print error to STDERR\n    echo \"error: The sandbox is not in sync with the Podfile.lock. Run 'pod install' or update your CocoaPods installation.\" >&2\n    exit 1\nfi\n";
			showEnvVarsInLog = 0;
		};
/* End PBXShellScriptBuildPhase section */

/* Begin PBXSourcesBuildPhase section */
		08B4F1EB1F07469B00C03059 /* Sources */ = {
			isa = PBXSourcesBuildPhase;
			buildActionMask = 2147483647;
			files = (
				08B4F1FA1F07469B00C03059 /* ViewController.m in Sources */,
				08B4F1F71F07469B00C03059 /* AppDelegate.m in Sources */,
				08B4F1F41F07469B00C03059 /* main.m in Sources */,
			);
			runOnlyForDeploymentPostprocessing = 0;
		};
/* End PBXSourcesBuildPhase section */

/* Begin PBXVariantGroup section */
		08B4F1FB1F07469B00C03059 /* Main.storyboard */ = {
			isa = PBXVariantGroup;
			children = (
				08B4F1FC1F07469B00C03059 /* Base */,
			);
			name = Main.storyboard;
			sourceTree = "<group>";
		};
		08B4F2001F07469B00C03059 /* LaunchScreen.storyboard */ = {
			isa = PBXVariantGroup;
			children = (
				08B4F2011F07469B00C03059 /* Base */,
			);
			name = LaunchScreen.storyboard;
			sourceTree = "<group>";
		};
/* End PBXVariantGroup section */

/* Begin XCBuildConfiguration section */
		08B4F2041F07469B00C03059 /* Debug */ = {
			isa = XCBuildConfiguration;
			buildSettings = {
				ALWAYS_SEARCH_USER_PATHS = NO;
				CLANG_ANALYZER_NONNULL = YES;
				CLANG_ANALYZER_NUMBER_OBJECT_CONVERSION = YES_AGGRESSIVE;
				CLANG_CXX_LANGUAGE_STANDARD = "gnu++0x";
				CLANG_CXX_LIBRARY = "libc++";
				CLANG_ENABLE_MODULES = YES;
				CLANG_ENABLE_OBJC_ARC = YES;
				CLANG_WARN_BOOL_CONVERSION = YES;
				CLANG_WARN_CONSTANT_CONVERSION = YES;
				CLANG_WARN_DIRECT_OBJC_ISA_USAGE = YES_ERROR;
				CLANG_WARN_DOCUMENTATION_COMMENTS = YES;
				CLANG_WARN_EMPTY_BODY = YES;
				CLANG_WARN_ENUM_CONVERSION = YES;
				CLANG_WARN_INFINITE_RECURSION = YES;
				CLANG_WARN_INT_CONVERSION = YES;
				CLANG_WARN_OBJC_ROOT_CLASS = YES_ERROR;
				CLANG_WARN_SUSPICIOUS_MOVE = YES;
				CLANG_WARN_UNREACHABLE_CODE = YES;
				CLANG_WARN__DUPLICATE_METHOD_MATCH = YES;
				"CODE_SIGN_IDENTITY[sdk=iphoneos*]" = "iPhone Developer";
				COPY_PHASE_STRIP = NO;
				DEBUG_INFORMATION_FORMAT = dwarf;
				ENABLE_STRICT_OBJC_MSGSEND = YES;
				ENABLE_TESTABILITY = YES;
				GCC_C_LANGUAGE_STANDARD = gnu99;
				GCC_DYNAMIC_NO_PIC = NO;
				GCC_NO_COMMON_BLOCKS = YES;
				GCC_OPTIMIZATION_LEVEL = 0;
				GCC_PREPROCESSOR_DEFINITIONS = (
					"DEBUG=1",
					"$(inherited)",
				);
				GCC_WARN_64_TO_32_BIT_CONVERSION = YES;
				GCC_WARN_ABOUT_RETURN_TYPE = YES_ERROR;
				GCC_WARN_UNDECLARED_SELECTOR = YES;
				GCC_WARN_UNINITIALIZED_AUTOS = YES_AGGRESSIVE;
				GCC_WARN_UNUSED_FUNCTION = YES;
				GCC_WARN_UNUSED_VARIABLE = YES;
				IPHONEOS_DEPLOYMENT_TARGET = 9.0;
				MTL_ENABLE_DEBUG_INFO = YES;
				ONLY_ACTIVE_ARCH = YES;
				SDKROOT = iphoneos;
			};
			name = Debug;
		};
		08B4F2051F07469B00C03059 /* Release */ = {
			isa = XCBuildConfiguration;
			buildSettings = {
				ALWAYS_SEARCH_USER_PATHS = NO;
				CLANG_ANALYZER_NONNULL = YES;
				CLANG_ANALYZER_NUMBER_OBJECT_CONVERSION = YES_AGGRESSIVE;
				CLANG_CXX_LANGUAGE_STANDARD = "gnu++0x";
				CLANG_CXX_LIBRARY = "libc++";
				CLANG_ENABLE_MODULES = YES;
				CLANG_ENABLE_OBJC_ARC = YES;
				CLANG_WARN_BOOL_CONVERSION = YES;
				CLANG_WARN_CONSTANT_CONVERSION = YES;
				CLANG_WARN_DIRECT_OBJC_ISA_USAGE = YES_ERROR;
				CLANG_WARN_DOCUMENTATION_COMMENTS = YES;
				CLANG_WARN_EMPTY_BODY = YES;
				CLANG_WARN_ENUM_CONVERSION = YES;
				CLANG_WARN_INFINITE_RECURSION = YES;
				CLANG_WARN_INT_CONVERSION = YES;
				CLANG_WARN_OBJC_ROOT_CLASS = YES_ERROR;
				CLANG_WARN_SUSPICIOUS_MOVE = YES;
				CLANG_WARN_UNREACHABLE_CODE = YES;
				CLANG_WARN__DUPLICATE_METHOD_MATCH = YES;
				"CODE_SIGN_IDENTITY[sdk=iphoneos*]" = "iPhone Developer";
				COPY_PHASE_STRIP = NO;
				DEBUG_INFORMATION_FORMAT = "dwarf-with-dsym";
				ENABLE_NS_ASSERTIONS = NO;
				ENABLE_STRICT_OBJC_MSGSEND = YES;
				GCC_C_LANGUAGE_STANDARD = gnu99;
				GCC_NO_COMMON_BLOCKS = YES;
				GCC_WARN_64_TO_32_BIT_CONVERSION = YES;
				GCC_WARN_ABOUT_RETURN_TYPE = YES_ERROR;
				GCC_WARN_UNDECLARED_SELECTOR = YES;
				GCC_WARN_UNINITIALIZED_AUTOS = YES_AGGRESSIVE;
				GCC_WARN_UNUSED_FUNCTION = YES;
				GCC_WARN_UNUSED_VARIABLE = YES;
				IPHONEOS_DEPLOYMENT_TARGET = 9.0;
				MTL_ENABLE_DEBUG_INFO = NO;
				SDKROOT = iphoneos;
				VALIDATE_PRODUCT = YES;
			};
			name = Release;
		};
		08B4F2071F07469B00C03059 /* Debug */ = {
			isa = XCBuildConfiguration;
			baseConfigurationReference = F943E01C6A04C5464A9E579C /* Pods-Real_FM.debug.xcconfig */;
			buildSettings = {
				ASSETCATALOG_COMPILER_APPICON_NAME = AppIcon;
				DEVELOPMENT_TEAM = YMD52F2R48;
				INFOPLIST_FILE = Real_FM/Info.plist;
				LD_RUNPATH_SEARCH_PATHS = "$(inherited) @executable_path/Frameworks";
				PRODUCT_BUNDLE_IDENTIFIER = "com.ybm.Real-FM";
				PRODUCT_NAME = "$(TARGET_NAME)";
			};
			name = Debug;
		};
		08B4F2081F07469B00C03059 /* Release */ = {
			isa = XCBuildConfiguration;
			baseConfigurationReference = 4C7548B21972B83B6AF8BA99 /* Pods-Real_FM.release.xcconfig */;
			buildSettings = {
				ASSETCATALOG_COMPILER_APPICON_NAME = AppIcon;
				DEVELOPMENT_TEAM = YMD52F2R48;
				INFOPLIST_FILE = Real_FM/Info.plist;
				LD_RUNPATH_SEARCH_PATHS = "$(inherited) @executable_path/Frameworks";
				PRODUCT_BUNDLE_IDENTIFIER = "com.ybm.Real-FM";
				PRODUCT_NAME = "$(TARGET_NAME)";
			};
			name = Release;
		};
/* End XCBuildConfiguration section */

/* Begin XCConfigurationList section */
		08B4F1EA1F07469B00C03059 /* Build configuration list for PBXProject "Real_FM" */ = {
			isa = XCConfigurationList;
			buildConfigurations = (
				08B4F2041F07469B00C03059 /* Debug */,
				08B4F2051F07469B00C03059 /* Release */,
			);
			defaultConfigurationIsVisible = 0;
			defaultConfigurationName = Release;
		};
		08B4F2061F07469B00C03059 /* Build configuration list for PBXNativeTarget "Real_FM" */ = {
			isa = XCConfigurationList;
			buildConfigurations = (
				08B4F2071F07469B00C03059 /* Debug */,
				08B4F2081F07469B00C03059 /* Release */,
			);
			defaultConfigurationIsVisible = 0;
			defaultConfigurationName = Release;
		};
/* End XCConfigurationList section */
	};
	rootObject = 08B4F1E71F07469B00C03059 /* Project object */;
}
